github.com/rabbitmq/amqp091-go v0.0.0-20210714180937-de74e8a7d0e0 h1:D5EMs8zL77qXFJ60vl7x5xRxtezkXsmr8mwypRk5Pe4=
github.com/rabbitmq/amqp091-go v0.0.0-20210714180937-de74e8a7d0e0/go.mod h1:ogQDLSOACsLPsIq0NpbtiifNZi2YOz0VTJ0kHRghqbM=
github.com/streadway/amqp v1.0.0 h1:kuuDrUJFZL1QYL9hUNuCxNObNzB0bV/ZG5jV3RWAQgo=
github.com/streadway/amqp v1.0.0/go.mod h1:AZpEONHx3DKn8O/DFsRAY58/XVQiIPMTMB1SddzLXVw=
